
Microsoft Visual Studio Solution File, Format Version 12.00
# Visual Studio Version 16
VisualStudioVersion = 16.0.30804.86
MinimumVisualStudioVersion = 10.0.40219.1
Project("{FAE04EC0-301F-11D3-BF4B-00C04F79EFBC}") = "CommandCenter", "CommandCenter.csproj", "{D88AB36F-8F13-4BD7-B101-2D6509DED87A}"
EndProject
Global
	GlobalSection(SolutionConfigurationPlatforms) = preSolution
		Debug|Any CPU = Debug|Any CPU
		Release|Any CPU = Release|Any CPU
	EndGlobalSection
	GlobalSection(ProjectConfigurationPlatforms) = postSolution
		{D88AB36F-8F13-4BD7-B101-2D6509DED87A}.Debug|Any CPU.ActiveCfg = Debug|Any CPU
		{D88AB36F-8F13-4BD7-B101-2D6509DED87A}.Debug|Any CPU.Build.0 = Debug|Any CPU
		{D88AB36F-8F13-4BD7-B101-2D6509DED87A}.Release|Any CPU.ActiveCfg = Release|Any CPU
		{D88AB36F-8F13-4BD7-B101-2D6509DED87A}.Release|Any CPU.Build.0 = Release|Any CPU
	EndGlobalSection
	GlobalSection(SolutionProperties) = preSolution
		HideSolutionNode = FALSE
	EndGlobalSection
	GlobalSection(ExtensibilityGlobals) = postSolution
		SolutionGuid = {82959DBC-DCDB-45CB-80A2-C7F68B8DF730}
	EndGlobalSection
EndGlobal
